// !$*UTF8*$!
{
	archiveVersion = 1;
	classes = {
	};
	objectVersion = 48;
	objects = {

/* Begin PBXBuildFile section */
		4827D8415D09CFDD234D6415 /* Pods_The_Real_Bojan.framework in Frameworks */ = {isa = PBXBuildFile; fileRef = 0A36B970C3D93F14E8EF64A2 /* Pods_The_Real_Bojan.framework */; };
		BA4643831FD736FD00591352 /* AuthViewController.m in Sources */ = {isa = PBXBuildFile; fileRef = BA4643811FD736FD00591352 /* AuthViewController.m */; };
		BA4643841FD736FD00591352 /* AuthViewController.xib in Resources */ = {isa = PBXBuildFile; fileRef = BA4643821FD736FD00591352 /* AuthViewController.xib */; };
		BA4645111FD73E9800591352 /* back-bottom.png in Resources */ = {isa = PBXBuildFile; fileRef = BA4644E31FD73E9700591352 /* back-bottom.png */; };
		BA4645121FD73E9800591352 /* back-bottom@2x.png in Resources */ = {isa = PBXBuildFile; fileRef = BA4644E41FD73E9700591352 /* back-bottom@2x.png */; };
		BA4645131FD73E9800591352 /* back-bottom@3x.png in Resources */ = {isa = PBXBuildFile; fileRef = BA4644E51FD73E9700591352 /* back-bottom@3x.png */; };
		BA4645141FD73E9800591352 /* back-top.png in Resources */ = {isa = PBXBuildFile; fileRef = BA4644E61FD73E9700591352 /* back-top.png */; };
		BA4645151FD73E9800591352 /* back-top@2x.png in Resources */ = {isa = PBXBuildFile; fileRef = BA4644E71FD73E9700591352 /* back-top@2x.png */; };
		BA4645161FD73E9800591352 /* back-top@3x.png in Resources */ = {isa = PBXBuildFile; fileRef = BA4644E81FD73E9700591352 /* back-top@3x.png */; };
		BA4645171FD73E9800591352 /* bojan-face.png in Resources */ = {isa = PBXBuildFile; fileRef = BA4644E91FD73E9700591352 /* bojan-face.png */; };
		BA4645181FD73E9800591352 /* bojan-face@2x.png in Resources */ = {isa = PBXBuildFile; fileRef = BA4644EA1FD73E9700591352 /* bojan-face@2x.png */; };
		BA4645191FD73E9800591352 /* bojan-face@3x.png in Resources */ = {isa = PBXBuildFile; fileRef = BA4644EB1FD73E9700591352 /* bojan-face@3x.png */; };
		BA46451A1FD73E9800591352 /* button-bg-down.png in Resources */ = {isa = PBXBuildFile; fileRef = BA4644EC1FD73E9700591352 /* button-bg-down.png */; };
		BA46451B1FD73E9800591352 /* button-bg-down@2x.png in Resources */ = {isa = PBXBuildFile; fileRef = BA4644ED1FD73E9700591352 /* button-bg-down@2x.png */; };
		BA46451C1FD73E9800591352 /* button-bg-down@3x.png in Resources */ = {isa = PBXBuildFile; fileRef = BA4644EE1FD73E9700591352 /* button-bg-down@3x.png */; };
		BA46451D1FD73E9800591352 /* button-bg-up.png in Resources */ = {isa = PBXBuildFile; fileRef = BA4644EF1FD73E9700591352 /* button-bg-up.png */; };
		BA46451E1FD73E9800591352 /* button-bg-up@2x.png in Resources */ = {isa = PBXBuildFile; fileRef = BA4644F01FD73E9700591352 /* button-bg-up@2x.png */; };
		BA46451F1FD73E9800591352 /* button-bg-up@3x.png in Resources */ = {isa = PBXBuildFile; fileRef = BA4644F11FD73E9700591352 /* button-bg-up@3x.png */; };
		BA4645201FD73E9800591352 /* button-bg.png in Resources */ = {isa = PBXBuildFile; fileRef = BA4644F21FD73E9700591352 /* button-bg.png */; };
		BA4645211FD73E9800591352 /* button-bg@2x.png in Resources */ = {isa = PBXBuildFile; fileRef = BA4644F31FD73E9700591352 /* button-bg@2x.png */; };
		BA4645221FD73E9800591352 /* button-bg@3x.png in Resources */ = {isa = PBXBuildFile; fileRef = BA4644F41FD73E9700591352 /* button-bg@3x.png */; };
		BA4645231FD73E9800591352 /* FredokaOne-Regular.ttf in Resources */ = {isa = PBXBuildFile; fileRef = BA4644F51FD73E9700591352 /* FredokaOne-Regular.ttf */; };
		BA4645241FD73E9800591352 /* launch.png in Resources */ = {isa = PBXBuildFile; fileRef = BA4644F61FD73E9700591352 /* launch.png */; };
		BA4645251FD73E9800591352 /* launch@2x.png in Resources */ = {isa = PBXBuildFile; fileRef = BA4644F71FD73E9700591352 /* launch@2x.png */; };
		BA4645261FD73E9800591352 /* launch@3x.png in Resources */ = {isa = PBXBuildFile; fileRef = BA4644F81FD73E9700591352 /* launch@3x.png */; };
		BA4645271FD73E9800591352 /* logo.png in Resources */ = {isa = PBXBuildFile; fileRef = BA4644F91FD73E9700591352 /* logo.png */; };
		BA4645281FD73E9800591352 /* logo@2x.png in Resources */ = {isa = PBXBuildFile; fileRef = BA4644FA1FD73E9700591352 /* logo@2x.png */; };
		BA4645291FD73E9800591352 /* logo@3x.png in Resources */ = {isa = PBXBuildFile; fileRef = BA4644FB1FD73E9700591352 /* logo@3x.png */; };
		BA46452A1FD73E9800591352 /* play-button-up.png in Resources */ = {isa = PBXBuildFile; fileRef = BA4644FC1FD73E9700591352 /* play-button-up.png */; };
		BA46452B1FD73E9800591352 /* play-button-up@2x.png in Resources */ = {isa = PBXBuildFile; fileRef = BA4644FD1FD73E9700591352 /* play-button-up@2x.png */; };
		BA46452C1FD73E9800591352 /* play-button-up@3x.png in Resources */ = {isa = PBXBuildFile; fileRef = BA4644FE1FD73E9700591352 /* play-button-up@3x.png */; };
		BA46452D1FD73E9800591352 /* SIGN IN WITH ANY OF.png in Resources */ = {isa = PBXBuildFile; fileRef = BA4644FF1FD73E9700591352 /* SIGN IN WITH ANY OF.png */; };
		BA46452E1FD73E9800591352 /* SIGN IN WITH ANY OF@2x.png in Resources */ = {isa = PBXBuildFile; fileRef = BA4645001FD73E9700591352 /* SIGN IN WITH ANY OF@2x.png */; };
		BA46452F1FD73E9800591352 /* SIGN IN WITH ANY OF@3x.png in Resources */ = {isa = PBXBuildFile; fileRef = BA4645011FD73E9700591352 /* SIGN IN WITH ANY OF@3x.png */; };
		BA4645301FD73E9800591352 /* sign-in.png in Resources */ = {isa = PBXBuildFile; fileRef = BA4645021FD73E9700591352 /* sign-in.png */; };
		BA4645311FD73E9800591352 /* sign-in@2x.png in Resources */ = {isa = PBXBuildFile; fileRef = BA4645031FD73E9700591352 /* sign-in@2x.png */; };
		BA4645321FD73E9800591352 /* sign-in@3x.png in Resources */ = {isa = PBXBuildFile; fileRef = BA4645041FD73E9700591352 /* sign-in@3x.png */; };
		BA4645331FD73E9800591352 /* signin-arrow.png in Resources */ = {isa = PBXBuildFile; fileRef = BA4645051FD73E9700591352 /* signin-arrow.png */; };
		BA4645341FD73E9800591352 /* signin-arrow@2x.png in Resources */ = {isa = PBXBuildFile; fileRef = BA4645061FD73E9700591352 /* signin-arrow@2x.png */; };
		BA4645351FD73E9800591352 /* signin-arrow@3x.png in Resources */ = {isa = PBXBuildFile; fileRef = BA4645071FD73E9700591352 /* signin-arrow@3x.png */; };
		BA4645361FD73E9800591352 /* signin-with.png in Resources */ = {isa = PBXBuildFile; fileRef = BA4645081FD73E9700591352 /* signin-with.png */; };
		BA4645371FD73E9800591352 /* signin-with@2x.png in Resources */ = {isa = PBXBuildFile; fileRef = BA4645091FD73E9700591352 /* signin-with@2x.png */; };
		BA4645381FD73E9800591352 /* signin-with@3x.png in Resources */ = {isa = PBXBuildFile; fileRef = BA46450A1FD73E9700591352 /* signin-with@3x.png */; };
		BA4645391FD73E9800591352 /* sing-arrow.png in Resources */ = {isa = PBXBuildFile; fileRef = BA46450B1FD73E9700591352 /* sing-arrow.png */; };
		BA46453A1FD73E9800591352 /* sing-arrow@2x.png in Resources */ = {isa = PBXBuildFile; fileRef = BA46450C1FD73E9700591352 /* sing-arrow@2x.png */; };
		BA46453B1FD73E9800591352 /* sing-arrow@3x.png in Resources */ = {isa = PBXBuildFile; fileRef = BA46450D1FD73E9700591352 /* sing-arrow@3x.png */; };
		BA46453C1FD73E9800591352 /* sing-in-button-up.png in Resources */ = {isa = PBXBuildFile; fileRef = BA46450E1FD73E9700591352 /* sing-in-button-up.png */; };
		BA46453D1FD73E9800591352 /* sing-in-button-up@2x.png in Resources */ = {isa = PBXBuildFile; fileRef = BA46450F1FD73E9700591352 /* sing-in-button-up@2x.png */; };
		BA46453E1FD73E9800591352 /* sing-in-button-up@3x.png in Resources */ = {isa = PBXBuildFile; fileRef = BA4645101FD73E9700591352 /* sing-in-button-up@3x.png */; };
		BA4A8F621FCDC47D0012415C /* AppDelegate.m in Sources */ = {isa = PBXBuildFile; fileRef = BA4A8F611FCDC47D0012415C /* AppDelegate.m */; };
		BA4A8F681FCDC47D0012415C /* Main.storyboard in Resources */ = {isa = PBXBuildFile; fileRef = BA4A8F661FCDC47D0012415C /* Main.storyboard */; };
		BA4A8F6A1FCDC47D0012415C /* Assets.xcassets in Resources */ = {isa = PBXBuildFile; fileRef = BA4A8F691FCDC47D0012415C /* Assets.xcassets */; };
		BA4A8F6D1FCDC47D0012415C /* LaunchScreen.storyboard in Resources */ = {isa = PBXBuildFile; fileRef = BA4A8F6B1FCDC47D0012415C /* LaunchScreen.storyboard */; };
		BA4A8F701FCDC47D0012415C /* main.m in Sources */ = {isa = PBXBuildFile; fileRef = BA4A8F6F1FCDC47D0012415C /* main.m */; };
		BA4A8F871FCDC58F0012415C /* AppUtils.m in Sources */ = {isa = PBXBuildFile; fileRef = BA4A8F7E1FCDC58F0012415C /* AppUtils.m */; };
		BA4A8F881FCDC58F0012415C /* AppViewController.m in Sources */ = {isa = PBXBuildFile; fileRef = BA4A8F821FCDC58F0012415C /* AppViewController.m */; };
		BA4A8F8C1FCDC71D0012415C /* GoogleService-Info.plist in Resources */ = {isa = PBXBuildFile; fileRef = BA4A8F8B1FCDC71D0012415C /* GoogleService-Info.plist */; };
		BA4A8FD11FCE376B0012415C /* RealBojanViewController.m in Sources */ = {isa = PBXBuildFile; fileRef = BA4A8FCF1FCE376B0012415C /* RealBojanViewController.m */; };
		BA4A8FD21FCE376B0012415C /* RealBojanViewController.xib in Resources */ = {isa = PBXBuildFile; fileRef = BA4A8FD01FCE376B0012415C /* RealBojanViewController.xib */; };
		BA4A91711FCF4CE60012415C /* Bojan.m in Sources */ = {isa = PBXBuildFile; fileRef = BA4A91701FCF4CE60012415C /* Bojan.m */; };
		BA4A917E1FD1D2580012415C /* ResultsViewController.m in Sources */ = {isa = PBXBuildFile; fileRef = BA4A917C1FD1D2580012415C /* ResultsViewController.m */; };
		BA4A917F1FD1D2580012415C /* ResultsViewController.xib in Resources */ = {isa = PBXBuildFile; fileRef = BA4A917D1FD1D2580012415C /* ResultsViewController.xib */; };
		BA4A91821FD5AD2B0012415C /* Faces in Resources */ = {isa = PBXBuildFile; fileRef = BA4A91811FD5AD2B0012415C /* Faces */; };
		BA4A91851FD5B5640012415C /* yes-sound.m4a in Resources */ = {isa = PBXBuildFile; fileRef = BA4A91841FD5B5640012415C /* yes-sound.m4a */; };
		BA4A91871FD5B7980012415C /* bad-sound.m4a in Resources */ = {isa = PBXBuildFile; fileRef = BA4A91861FD5B7970012415C /* bad-sound.m4a */; };
		BA4A918B1FD5BB640012415C /* theme.m4a in Resources */ = {isa = PBXBuildFile; fileRef = BA4A918A1FD5BB640012415C /* theme.m4a */; };
		BA4A91961FD708930012415C /* CardView.m in Sources */ = {isa = PBXBuildFile; fileRef = BA4A91951FD708930012415C /* CardView.m */; };
/* End PBXBuildFile section */

/* Begin PBXFileReference section */
		0A36B970C3D93F14E8EF64A2 /* Pods_The_Real_Bojan.framework */ = {isa = PBXFileReference; explicitFileType = wrapper.framework; includeInIndex = 0; path = Pods_The_Real_Bojan.framework; sourceTree = BUILT_PRODUCTS_DIR; };
		1C9699454F7B6A17D5CA3F49 /* Pods-The Real Bojan.debug.xcconfig */ = {isa = PBXFileReference; includeInIndex = 1; lastKnownFileType = text.xcconfig; name = "Pods-The Real Bojan.debug.xcconfig"; path = "Pods/Target Support Files/Pods-The Real Bojan/Pods-The Real Bojan.debug.xcconfig"; sourceTree = "<group>"; };
		B85E0D19975A8EFFB17E8B56 /* Pods-The Real Bojan.release.xcconfig */ = {isa = PBXFileReference; includeInIndex = 1; lastKnownFileType = text.xcconfig; name = "Pods-The Real Bojan.release.xcconfig"; path = "Pods/Target Support Files/Pods-The Real Bojan/Pods-The Real Bojan.release.xcconfig"; sourceTree = "<group>"; };
		BA4643801FD736FD00591352 /* AuthViewController.h */ = {isa = PBXFileReference; lastKnownFileType = sourcecode.c.h; path = AuthViewController.h; sourceTree = "<group>"; };
		BA4643811FD736FD00591352 /* AuthViewController.m */ = {isa = PBXFileReference; lastKnownFileType = sourcecode.c.objc; path = AuthViewController.m; sourceTree = "<group>"; };
		BA4643821FD736FD00591352 /* AuthViewController.xib */ = {isa = PBXFileReference; lastKnownFileType = file.xib; path = AuthViewController.xib; sourceTree = "<group>"; };
		BA4644E31FD73E9700591352 /* back-bottom.png */ = {isa = PBXFileReference; lastKnownFileType = image.png; path = "back-bottom.png"; sourceTree = "<group>"; };
		BA4644E41FD73E9700591352 /* back-bottom@2x.png */ = {isa = PBXFileReference; lastKnownFileType = image.png; path = "back-bottom@2x.png"; sourceTree = "<group>"; };
		BA4644E51FD73E9700591352 /* back-bottom@3x.png */ = {isa = PBXFileReference; lastKnownFileType = image.png; path = "back-bottom@3x.png"; sourceTree = "<group>"; };
		BA4644E61FD73E9700591352 /* back-top.png */ = {isa = PBXFileReference; lastKnownFileType = image.png; path = "back-top.png"; sourceTree = "<group>"; };
		BA4644E71FD73E9700591352 /* back-top@2x.png */ = {isa = PBXFileReference; lastKnownFileType = image.png; path = "back-top@2x.png"; sourceTree = "<group>"; };
		BA4644E81FD73E9700591352 /* back-top@3x.png */ = {isa = PBXFileReference; lastKnownFileType = image.png; path = "back-top@3x.png"; sourceTree = "<group>"; };
		BA4644E91FD73E9700591352 /* bojan-face.png */ = {isa = PBXFileReference; lastKnownFileType = image.png; path = "bojan-face.png"; sourceTree = "<group>"; };
		BA4644EA1FD73E9700591352 /* bojan-face@2x.png */ = {isa = PBXFileReference; lastKnownFileType = image.png; path = "bojan-face@2x.png"; sourceTree = "<group>"; };
		BA4644EB1FD73E9700591352 /* bojan-face@3x.png */ = {isa = PBXFileReference; lastKnownFileType = image.png; path = "bojan-face@3x.png"; sourceTree = "<group>"; };
		BA4644EC1FD73E9700591352 /* button-bg-down.png */ = {isa = PBXFileReference; lastKnownFileType = image.png; path = "button-bg-down.png"; sourceTree = "<group>"; };
		BA4644ED1FD73E9700591352 /* button-bg-down@2x.png */ = {isa = PBXFileReference; lastKnownFileType = image.png; path = "button-bg-down@2x.png"; sourceTree = "<group>"; };
		BA4644EE1FD73E9700591352 /* button-bg-down@3x.png */ = {isa = PBXFileReference; lastKnownFileType = image.png; path = "button-bg-down@3x.png"; sourceTree = "<group>"; };
		BA4644EF1FD73E9700591352 /* button-bg-up.png */ = {isa = PBXFileReference; lastKnownFileType = image.png; path = "button-bg-up.png"; sourceTree = "<group>"; };
		BA4644F01FD73E9700591352 /* button-bg-up@2x.png */ = {isa = PBXFileReference; lastKnownFileType = image.png; path = "button-bg-up@2x.png"; sourceTree = "<group>"; };
		BA4644F11FD73E9700591352 /* button-bg-up@3x.png */ = {isa = PBXFileReference; lastKnownFileType = image.png; path = "button-bg-up@3x.png"; sourceTree = "<group>"; };
		BA4644F21FD73E9700591352 /* button-bg.png */ = {isa = PBXFileReference; lastKnownFileType = image.png; path = "button-bg.png"; sourceTree = "<group>"; };
		BA4644F31FD73E9700591352 /* button-bg@2x.png */ = {isa = PBXFileReference; lastKnownFileType = image.png; path = "button-bg@2x.png"; sourceTree = "<group>"; };
		BA4644F41FD73E9700591352 /* button-bg@3x.png */ = {isa = PBXFileReference; lastKnownFileType = image.png; path = "button-bg@3x.png"; sourceTree = "<group>"; };
		BA4644F51FD73E9700591352 /* FredokaOne-Regular.ttf */ = {isa = PBXFileReference; lastKnownFileType = file; path = "FredokaOne-Regular.ttf"; sourceTree = "<group>"; };
		BA4644F61FD73E9700591352 /* launch.png */ = {isa = PBXFileReference; lastKnownFileType = image.png; path = launch.png; sourceTree = "<group>"; };
		BA4644F71FD73E9700591352 /* launch@2x.png */ = {isa = PBXFileReference; lastKnownFileType = image.png; path = "launch@2x.png"; sourceTree = "<group>"; };
		BA4644F81FD73E9700591352 /* launch@3x.png */ = {isa = PBXFileReference; lastKnownFileType = image.png; path = "launch@3x.png"; sourceTree = "<group>"; };
		BA4644F91FD73E9700591352 /* logo.png */ = {isa = PBXFileReference; lastKnownFileType = image.png; path = logo.png; sourceTree = "<group>"; };
		BA4644FA1FD73E9700591352 /* logo@2x.png */ = {isa = PBXFileReference; lastKnownFileType = image.png; path = "logo@2x.png"; sourceTree = "<group>"; };
		BA4644FB1FD73E9700591352 /* logo@3x.png */ = {isa = PBXFileReference; lastKnownFileType = image.png; path = "logo@3x.png"; sourceTree = "<group>"; };
		BA4644FC1FD73E9700591352 /* play-button-up.png */ = {isa = PBXFileReference; lastKnownFileType = image.png; path = "play-button-up.png"; sourceTree = "<group>"; };
		BA4644FD1FD73E9700591352 /* play-button-up@2x.png */ = {isa = PBXFileReference; lastKnownFileType = image.png; path = "play-button-up@2x.png"; sourceTree = "<group>"; };
		BA4644FE1FD73E9700591352 /* play-button-up@3x.png */ = {isa = PBXFileReference; lastKnownFileType = image.png; path = "play-button-up@3x.png"; sourceTree = "<group>"; };
		BA4644FF1FD73E9700591352 /* SIGN IN WITH ANY OF.png */ = {isa = PBXFileReference; lastKnownFileType = image.png; path = "SIGN IN WITH ANY OF.png"; sourceTree = "<group>"; };
		BA4645001FD73E9700591352 /* SIGN IN WITH ANY OF@2x.png */ = {isa = PBXFileReference; lastKnownFileType = image.png; path = "SIGN IN WITH ANY OF@2x.png"; sourceTree = "<group>"; };
		BA4645011FD73E9700591352 /* SIGN IN WITH ANY OF@3x.png */ = {isa = PBXFileReference; lastKnownFileType = image.png; path = "SIGN IN WITH ANY OF@3x.png"; sourceTree = "<group>"; };
		BA4645021FD73E9700591352 /* sign-in.png */ = {isa = PBXFileReference; lastKnownFileType = image.png; path = "sign-in.png"; sourceTree = "<group>"; };
		BA4645031FD73E9700591352 /* sign-in@2x.png */ = {isa = PBXFileReference; lastKnownFileType = image.png; path = "sign-in@2x.png"; sourceTree = "<group>"; };
		BA4645041FD73E9700591352 /* sign-in@3x.png */ = {isa = PBXFileReference; lastKnownFileType = image.png; path = "sign-in@3x.png"; sourceTree = "<group>"; };
		BA4645051FD73E9700591352 /* signin-arrow.png */ = {isa = PBXFileReference; lastKnownFileType = image.png; path = "signin-arrow.png"; sourceTree = "<group>"; };
		BA4645061FD73E9700591352 /* signin-arrow@2x.png */ = {isa = PBXFileReference; lastKnownFileType = image.png; path = "signin-arrow@2x.png"; sourceTree = "<group>"; };
		BA4645071FD73E9700591352 /* signin-arrow@3x.png */ = {isa = PBXFileReference; lastKnownFileType = image.png; path = "signin-arrow@3x.png"; sourceTree = "<group>"; };
		BA4645081FD73E9700591352 /* signin-with.png */ = {isa = PBXFileReference; lastKnownFileType = image.png; path = "signin-with.png"; sourceTree = "<group>"; };
		BA4645091FD73E9700591352 /* signin-with@2x.png */ = {isa = PBXFileReference; lastKnownFileType = image.png; path = "signin-with@2x.png"; sourceTree = "<group>"; };
		BA46450A1FD73E9700591352 /* signin-with@3x.png */ = {isa = PBXFileReference; lastKnownFileType = image.png; path = "signin-with@3x.png"; sourceTree = "<group>"; };
		BA46450B1FD73E9700591352 /* sing-arrow.png */ = {isa = PBXFileReference; lastKnownFileType = image.png; path = "sing-arrow.png"; sourceTree = "<group>"; };
		BA46450C1FD73E9700591352 /* sing-arrow@2x.png */ = {isa = PBXFileReference; lastKnownFileType = image.png; path = "sing-arrow@2x.png"; sourceTree = "<group>"; };
		BA46450D1FD73E9700591352 /* sing-arrow@3x.png */ = {isa = PBXFileReference; lastKnownFileType = image.png; path = "sing-arrow@3x.png"; sourceTree = "<group>"; };
		BA46450E1FD73E9700591352 /* sing-in-button-up.png */ = {isa = PBXFileReference; lastKnownFileType = image.png; path = "sing-in-button-up.png"; sourceTree = "<group>"; };
		BA46450F1FD73E9700591352 /* sing-in-button-up@2x.png */ = {isa = PBXFileReference; lastKnownFileType = image.png; path = "sing-in-button-up@2x.png"; sourceTree = "<group>"; };
		BA4645101FD73E9700591352 /* sing-in-button-up@3x.png */ = {isa = PBXFileReference; lastKnownFileType = image.png; path = "sing-in-button-up@3x.png"; sourceTree = "<group>"; };
		BA4A8F5D1FCDC47D0012415C /* The Real Bojan.app */ = {isa = PBXFileReference; explicitFileType = wrapper.application; includeInIndex = 0; path = "The Real Bojan.app"; sourceTree = BUILT_PRODUCTS_DIR; };
		BA4A8F601FCDC47D0012415C /* AppDelegate.h */ = {isa = PBXFileReference; lastKnownFileType = sourcecode.c.h; path = AppDelegate.h; sourceTree = "<group>"; };
		BA4A8F611FCDC47D0012415C /* AppDelegate.m */ = {isa = PBXFileReference; lastKnownFileType = sourcecode.c.objc; path = AppDelegate.m; sourceTree = "<group>"; };
		BA4A8F671FCDC47D0012415C /* Base */ = {isa = PBXFileReference; lastKnownFileType = file.storyboard; name = Base; path = Base.lproj/Main.storyboard; sourceTree = "<group>"; };
		BA4A8F691FCDC47D0012415C /* Assets.xcassets */ = {isa = PBXFileReference; lastKnownFileType = folder.assetcatalog; path = Assets.xcassets; sourceTree = "<group>"; };
		BA4A8F6C1FCDC47D0012415C /* Base */ = {isa = PBXFileReference; lastKnownFileType = file.storyboard; name = Base; path = Base.lproj/LaunchScreen.storyboard; sourceTree = "<group>"; };
		BA4A8F6E1FCDC47D0012415C /* Info.plist */ = {isa = PBXFileReference; lastKnownFileType = text.plist.xml; path = Info.plist; sourceTree = "<group>"; };
		BA4A8F6F1FCDC47D0012415C /* main.m */ = {isa = PBXFileReference; lastKnownFileType = sourcecode.c.objc; path = main.m; sourceTree = "<group>"; };
		BA4A8F7D1FCDC58F0012415C /* AppUtils.h */ = {isa = PBXFileReference; fileEncoding = 4; lastKnownFileType = sourcecode.c.h; path = AppUtils.h; sourceTree = "<group>"; };
		BA4A8F7E1FCDC58F0012415C /* AppUtils.m */ = {isa = PBXFileReference; fileEncoding = 4; lastKnownFileType = sourcecode.c.objc; path = AppUtils.m; sourceTree = "<group>"; };
		BA4A8F7F1FCDC58F0012415C /* Global.h */ = {isa = PBXFileReference; fileEncoding = 4; lastKnownFileType = sourcecode.c.h; path = Global.h; sourceTree = "<group>"; };
		BA4A8F811FCDC58F0012415C /* AppViewController.h */ = {isa = PBXFileReference; fileEncoding = 4; lastKnownFileType = sourcecode.c.h; path = AppViewController.h; sourceTree = "<group>"; };
		BA4A8F821FCDC58F0012415C /* AppViewController.m */ = {isa = PBXFileReference; fileEncoding = 4; lastKnownFileType = sourcecode.c.objc; path = AppViewController.m; sourceTree = "<group>"; };
		BA4A8F8B1FCDC71D0012415C /* GoogleService-Info.plist */ = {isa = PBXFileReference; fileEncoding = 4; lastKnownFileType = text.plist.xml; path = "GoogleService-Info.plist"; sourceTree = "<group>"; };
		BA4A8FCE1FCE376B0012415C /* RealBojanViewController.h */ = {isa = PBXFileReference; fileEncoding = 4; lastKnownFileType = sourcecode.c.h; path = RealBojanViewController.h; sourceTree = "<group>"; };
		BA4A8FCF1FCE376B0012415C /* RealBojanViewController.m */ = {isa = PBXFileReference; fileEncoding = 4; lastKnownFileType = sourcecode.c.objc; path = RealBojanViewController.m; sourceTree = "<group>"; };
		BA4A8FD01FCE376B0012415C /* RealBojanViewController.xib */ = {isa = PBXFileReference; fileEncoding = 4; lastKnownFileType = file.xib; path = RealBojanViewController.xib; sourceTree = "<group>"; };
		BA4A916F1FCF4CE60012415C /* Bojan.h */ = {isa = PBXFileReference; lastKnownFileType = sourcecode.c.h; path = Bojan.h; sourceTree = "<group>"; };
		BA4A91701FCF4CE60012415C /* Bojan.m */ = {isa = PBXFileReference; lastKnownFileType = sourcecode.c.objc; path = Bojan.m; sourceTree = "<group>"; };
		BA4A917B1FD1D2580012415C /* ResultsViewController.h */ = {isa = PBXFileReference; lastKnownFileType = sourcecode.c.h; path = ResultsViewController.h; sourceTree = "<group>"; };
		BA4A917C1FD1D2580012415C /* ResultsViewController.m */ = {isa = PBXFileReference; lastKnownFileType = sourcecode.c.objc; path = ResultsViewController.m; sourceTree = "<group>"; };
		BA4A917D1FD1D2580012415C /* ResultsViewController.xib */ = {isa = PBXFileReference; lastKnownFileType = file.xib; path = ResultsViewController.xib; sourceTree = "<group>"; };
		BA4A91811FD5AD2B0012415C /* Faces */ = {isa = PBXFileReference; lastKnownFileType = folder; path = Faces; sourceTree = "<group>"; };
		BA4A91841FD5B5640012415C /* yes-sound.m4a */ = {isa = PBXFileReference; lastKnownFileType = file; path = "yes-sound.m4a"; sourceTree = "<group>"; };
		BA4A91861FD5B7970012415C /* bad-sound.m4a */ = {isa = PBXFileReference; lastKnownFileType = file; path = "bad-sound.m4a"; sourceTree = "<group>"; };
		BA4A918A1FD5BB640012415C /* theme.m4a */ = {isa = PBXFileReference; lastKnownFileType = file; path = theme.m4a; sourceTree = "<group>"; };
		BA4A91931FD626AC0012415C /* The Real Bojan.entitlements */ = {isa = PBXFileReference; lastKnownFileType = text.plist.entitlements; path = "The Real Bojan.entitlements"; sourceTree = "<group>"; };
		BA4A91941FD708930012415C /* CardView.h */ = {isa = PBXFileReference; fileEncoding = 4; lastKnownFileType = sourcecode.c.h; path = CardView.h; sourceTree = "<group>"; };
		BA4A91951FD708930012415C /* CardView.m */ = {isa = PBXFileReference; fileEncoding = 4; lastKnownFileType = sourcecode.c.objc; path = CardView.m; sourceTree = "<group>"; };
/* End PBXFileReference section */

/* Begin PBXFrameworksBuildPhase section */
		BA4A8F5A1FCDC47D0012415C /* Frameworks */ = {
			isa = PBXFrameworksBuildPhase;
			buildActionMask = 2147483647;
			files = (
				4827D8415D09CFDD234D6415 /* Pods_The_Real_Bojan.framework in Frameworks */,
			);
			runOnlyForDeploymentPostprocessing = 0;
		};
/* End PBXFrameworksBuildPhase section */

/* Begin PBXGroup section */
		0387FD04204D1E6535142DB1 /* Pods */ = {
			isa = PBXGroup;
			children = (
				1C9699454F7B6A17D5CA3F49 /* Pods-The Real Bojan.debug.xcconfig */,
				B85E0D19975A8EFFB17E8B56 /* Pods-The Real Bojan.release.xcconfig */,
			);
			name = Pods;
			sourceTree = "<group>";
		};
		84F0C91F721997DEAF2B45EB /* Frameworks */ = {
			isa = PBXGroup;
			children = (
				0A36B970C3D93F14E8EF64A2 /* Pods_The_Real_Bojan.framework */,
			);
			name = Frameworks;
			sourceTree = "<group>";
		};
		BA4644E21FD73E9700591352 /* Resources */ = {
			isa = PBXGroup;
			children = (
				BA4644E31FD73E9700591352 /* back-bottom.png */,
				BA4644E41FD73E9700591352 /* back-bottom@2x.png */,
				BA4644E51FD73E9700591352 /* back-bottom@3x.png */,
				BA4644E61FD73E9700591352 /* back-top.png */,
				BA4644E71FD73E9700591352 /* back-top@2x.png */,
				BA4644E81FD73E9700591352 /* back-top@3x.png */,
				BA4644E91FD73E9700591352 /* bojan-face.png */,
				BA4644EA1FD73E9700591352 /* bojan-face@2x.png */,
				BA4644EB1FD73E9700591352 /* bojan-face@3x.png */,
				BA4644EC1FD73E9700591352 /* button-bg-down.png */,
				BA4644ED1FD73E9700591352 /* button-bg-down@2x.png */,
				BA4644EE1FD73E9700591352 /* button-bg-down@3x.png */,
				BA4644EF1FD73E9700591352 /* button-bg-up.png */,
				BA4644F01FD73E9700591352 /* button-bg-up@2x.png */,
				BA4644F11FD73E9700591352 /* button-bg-up@3x.png */,
				BA4644F21FD73E9700591352 /* button-bg.png */,
				BA4644F31FD73E9700591352 /* button-bg@2x.png */,
				BA4644F41FD73E9700591352 /* button-bg@3x.png */,
				BA4644F51FD73E9700591352 /* FredokaOne-Regular.ttf */,
				BA4644F61FD73E9700591352 /* launch.png */,
				BA4644F71FD73E9700591352 /* launch@2x.png */,
				BA4644F81FD73E9700591352 /* launch@3x.png */,
				BA4644F91FD73E9700591352 /* logo.png */,
				BA4644FA1FD73E9700591352 /* logo@2x.png */,
				BA4644FB1FD73E9700591352 /* logo@3x.png */,
				BA4644FC1FD73E9700591352 /* play-button-up.png */,
				BA4644FD1FD73E9700591352 /* play-button-up@2x.png */,
				BA4644FE1FD73E9700591352 /* play-button-up@3x.png */,
				BA4644FF1FD73E9700591352 /* SIGN IN WITH ANY OF.png */,
				BA4645001FD73E9700591352 /* SIGN IN WITH ANY OF@2x.png */,
				BA4645011FD73E9700591352 /* SIGN IN WITH ANY OF@3x.png */,
				BA4645021FD73E9700591352 /* sign-in.png */,
				BA4645031FD73E9700591352 /* sign-in@2x.png */,
				BA4645041FD73E9700591352 /* sign-in@3x.png */,
				BA4645051FD73E9700591352 /* signin-arrow.png */,
				BA4645061FD73E9700591352 /* signin-arrow@2x.png */,
				BA4645071FD73E9700591352 /* signin-arrow@3x.png */,
				BA4645081FD73E9700591352 /* signin-with.png */,
				BA4645091FD73E9700591352 /* signin-with@2x.png */,
				BA46450A1FD73E9700591352 /* signin-with@3x.png */,
				BA46450B1FD73E9700591352 /* sing-arrow.png */,
				BA46450C1FD73E9700591352 /* sing-arrow@2x.png */,
				BA46450D1FD73E9700591352 /* sing-arrow@3x.png */,
				BA46450E1FD73E9700591352 /* sing-in-button-up.png */,
				BA46450F1FD73E9700591352 /* sing-in-button-up@2x.png */,
				BA4645101FD73E9700591352 /* sing-in-button-up@3x.png */,
			);
			path = Resources;
			sourceTree = "<group>";
		};
		BA4A8F541FCDC47D0012415C = {
			isa = PBXGroup;
			children = (
				BA4644E21FD73E9700591352 /* Resources */,
				BA4A91831FD5B5640012415C /* Sounds */,
				BA4A91811FD5AD2B0012415C /* Faces */,
				BA4A8F5F1FCDC47D0012415C /* The Real Bojan */,
				BA4A8F5E1FCDC47D0012415C /* Products */,
				0387FD04204D1E6535142DB1 /* Pods */,
				84F0C91F721997DEAF2B45EB /* Frameworks */,
			);
			sourceTree = "<group>";
		};
		BA4A8F5E1FCDC47D0012415C /* Products */ = {
			isa = PBXGroup;
			children = (
				BA4A8F5D1FCDC47D0012415C /* The Real Bojan.app */,
			);
			name = Products;
			sourceTree = "<group>";
		};
		BA4A8F5F1FCDC47D0012415C /* The Real Bojan */ = {
			isa = PBXGroup;
			children = (
				BA4A91931FD626AC0012415C /* The Real Bojan.entitlements */,
				BA4A8FCD1FCE376B0012415C /* RealBojanViewController */,
				BA4A8F8A1FCDC5940012415C /* AppDelegate */,
				BA4A8F7C1FCDC58F0012415C /* AppUtils */,
				BA4A8F801FCDC58F0012415C /* AppViewController */,
				BA4A8F661FCDC47D0012415C /* Main.storyboard */,
				BA4A8F691FCDC47D0012415C /* Assets.xcassets */,
				BA4A8F6B1FCDC47D0012415C /* LaunchScreen.storyboard */,
				BA4A8F6E1FCDC47D0012415C /* Info.plist */,
				BA4A8F8B1FCDC71D0012415C /* GoogleService-Info.plist */,
				BA4A8F6F1FCDC47D0012415C /* main.m */,
			);
			path = "The Real Bojan";
			sourceTree = "<group>";
		};
		BA4A8F7C1FCDC58F0012415C /* AppUtils */ = {
			isa = PBXGroup;
			children = (
				BA4A8F7D1FCDC58F0012415C /* AppUtils.h */,
				BA4A8F7E1FCDC58F0012415C /* AppUtils.m */,
				BA4A8F7F1FCDC58F0012415C /* Global.h */,
			);
			path = AppUtils;
			sourceTree = "<group>";
		};
		BA4A8F801FCDC58F0012415C /* AppViewController */ = {
			isa = PBXGroup;
			children = (
				BA4A8F811FCDC58F0012415C /* AppViewController.h */,
				BA4A8F821FCDC58F0012415C /* AppViewController.m */,
				BA4643801FD736FD00591352 /* AuthViewController.h */,
				BA4643811FD736FD00591352 /* AuthViewController.m */,
				BA4643821FD736FD00591352 /* AuthViewController.xib */,
			);
			path = AppViewController;
			sourceTree = "<group>";
		};
		BA4A8F8A1FCDC5940012415C /* AppDelegate */ = {
			isa = PBXGroup;
			children = (
				BA4A8F601FCDC47D0012415C /* AppDelegate.h */,
				BA4A8F611FCDC47D0012415C /* AppDelegate.m */,
			);
			path = AppDelegate;
			sourceTree = "<group>";
		};
		BA4A8FCD1FCE376B0012415C /* RealBojanViewController */ = {
			isa = PBXGroup;
			children = (
				BA4A916F1FCF4CE60012415C /* Bojan.h */,
				BA4A91701FCF4CE60012415C /* Bojan.m */,
				BA4A91941FD708930012415C /* CardView.h */,
				BA4A91951FD708930012415C /* CardView.m */,
				BA4A8FCE1FCE376B0012415C /* RealBojanViewController.h */,
				BA4A8FCF1FCE376B0012415C /* RealBojanViewController.m */,
				BA4A8FD01FCE376B0012415C /* RealBojanViewController.xib */,
				BA4A917B1FD1D2580012415C /* ResultsViewController.h */,
				BA4A917C1FD1D2580012415C /* ResultsViewController.m */,
				BA4A917D1FD1D2580012415C /* ResultsViewController.xib */,
			);
			path = RealBojanViewController;
			sourceTree = "<group>";
		};
		BA4A91831FD5B5640012415C /* Sounds */ = {
			isa = PBXGroup;
			children = (
				BA4A918A1FD5BB640012415C /* theme.m4a */,
				BA4A91841FD5B5640012415C /* yes-sound.m4a */,
				BA4A91861FD5B7970012415C /* bad-sound.m4a */,
			);
			path = Sounds;
			sourceTree = "<group>";
		};
/* End PBXGroup section */

/* Begin PBXNativeTarget section */
		BA4A8F5C1FCDC47D0012415C /* The Real Bojan */ = {
			isa = PBXNativeTarget;
			buildConfigurationList = BA4A8F731FCDC47D0012415C /* Build configuration list for PBXNativeTarget "The Real Bojan" */;
			buildPhases = (
				AE1F11A69E423D448DFCABC7 /* [CP] Check Pods Manifest.lock */,
				BA4A8F591FCDC47D0012415C /* Sources */,
				BA4A8F5A1FCDC47D0012415C /* Frameworks */,
				BA4A8F5B1FCDC47D0012415C /* Resources */,
				DF6C7A0587EF70958C97F2CC /* [CP] Embed Pods Frameworks */,
				74D0A11B96F61D9F403BFBA2 /* [CP] Copy Pods Resources */,
				BA4A91921FD5E7380012415C /* ShellScript */,
			);
			buildRules = (
			);
			dependencies = (
			);
			name = "The Real Bojan";
			productName = "The Real Bojan";
			productReference = BA4A8F5D1FCDC47D0012415C /* The Real Bojan.app */;
			productType = "com.apple.product-type.application";
		};
/* End PBXNativeTarget section */

/* Begin PBXProject section */
		BA4A8F551FCDC47D0012415C /* Project object */ = {
			isa = PBXProject;
			attributes = {
				LastUpgradeCheck = 0900;
				ORGANIZATIONNAME = "Todd Vanderlin";
				TargetAttributes = {
					BA4A8F5C1FCDC47D0012415C = {
						CreatedOnToolsVersion = 9.0.1;
						ProvisioningStyle = Automatic;
						SystemCapabilities = {
							com.apple.Push = {
								enabled = 1;
							};
						};
					};
				};
			};
			buildConfigurationList = BA4A8F581FCDC47D0012415C /* Build configuration list for PBXProject "The Real Bojan" */;
			compatibilityVersion = "Xcode 8.0";
			developmentRegion = en;
			hasScannedForEncodings = 0;
			knownRegions = (
				en,
				Base,
			);
			mainGroup = BA4A8F541FCDC47D0012415C;
			productRefGroup = BA4A8F5E1FCDC47D0012415C /* Products */;
			projectDirPath = "";
			projectRoot = "";
			targets = (
				BA4A8F5C1FCDC47D0012415C /* The Real Bojan */,
			);
		};
/* End PBXProject section */

/* Begin PBXResourcesBuildPhase section */
		BA4A8F5B1FCDC47D0012415C /* Resources */ = {
			isa = PBXResourcesBuildPhase;
			buildActionMask = 2147483647;
			files = (
				BA4A91821FD5AD2B0012415C /* Faces in Resources */,
				BA4A8FD21FCE376B0012415C /* RealBojanViewController.xib in Resources */,
				BA4645391FD73E9800591352 /* sing-arrow.png in Resources */,
				BA4A917F1FD1D2580012415C /* ResultsViewController.xib in Resources */,
				BA4645161FD73E9800591352 /* back-top@3x.png in Resources */,
				BA4645221FD73E9800591352 /* button-bg@3x.png in Resources */,
				BA4645251FD73E9800591352 /* launch@2x.png in Resources */,
				BA4A91871FD5B7980012415C /* bad-sound.m4a in Resources */,
				BA46451C1FD73E9800591352 /* button-bg-down@3x.png in Resources */,
				BA4645191FD73E9800591352 /* bojan-face@3x.png in Resources */,
				BA4645301FD73E9800591352 /* sign-in.png in Resources */,
				BA46451D1FD73E9800591352 /* button-bg-up.png in Resources */,
				BA4645291FD73E9800591352 /* logo@3x.png in Resources */,
				BA4645171FD73E9800591352 /* bojan-face.png in Resources */,
				BA4A91851FD5B5640012415C /* yes-sound.m4a in Resources */,
				BA46452F1FD73E9800591352 /* SIGN IN WITH ANY OF@3x.png in Resources */,
				BA46452A1FD73E9800591352 /* play-button-up.png in Resources */,
				BA4645141FD73E9800591352 /* back-top.png in Resources */,
				BA4645351FD73E9800591352 /* signin-arrow@3x.png in Resources */,
				BA46451F1FD73E9800591352 /* button-bg-up@3x.png in Resources */,
				BA4645241FD73E9800591352 /* launch.png in Resources */,
				BA46452E1FD73E9800591352 /* SIGN IN WITH ANY OF@2x.png in Resources */,
				BA4645311FD73E9800591352 /* sign-in@2x.png in Resources */,
				BA4A8F6D1FCDC47D0012415C /* LaunchScreen.storyboard in Resources */,
				BA4645341FD73E9800591352 /* signin-arrow@2x.png in Resources */,
				BA4A8F6A1FCDC47D0012415C /* Assets.xcassets in Resources */,
				BA46453C1FD73E9800591352 /* sing-in-button-up.png in Resources */,
				BA4A918B1FD5BB640012415C /* theme.m4a in Resources */,
				BA46453A1FD73E9800591352 /* sing-arrow@2x.png in Resources */,
				BA4645121FD73E9800591352 /* back-bottom@2x.png in Resources */,
				BA46452C1FD73E9800591352 /* play-button-up@3x.png in Resources */,
				BA46453B1FD73E9800591352 /* sing-arrow@3x.png in Resources */,
				BA4645371FD73E9800591352 /* signin-with@2x.png in Resources */,
				BA46451B1FD73E9800591352 /* button-bg-down@2x.png in Resources */,
				BA46451E1FD73E9800591352 /* button-bg-up@2x.png in Resources */,
				BA46451A1FD73E9800591352 /* button-bg-down.png in Resources */,
				BA4645271FD73E9800591352 /* logo.png in Resources */,
				BA46452B1FD73E9800591352 /* play-button-up@2x.png in Resources */,
				BA4645331FD73E9800591352 /* signin-arrow.png in Resources */,
				BA4645211FD73E9800591352 /* button-bg@2x.png in Resources */,
				BA4645261FD73E9800591352 /* launch@3x.png in Resources */,
				BA4645281FD73E9800591352 /* logo@2x.png in Resources */,
				BA4645201FD73E9800591352 /* button-bg.png in Resources */,
				BA4A8F681FCDC47D0012415C /* Main.storyboard in Resources */,
				BA4645111FD73E9800591352 /* back-bottom.png in Resources */,
				BA4645131FD73E9800591352 /* back-bottom@3x.png in Resources */,
				BA4645381FD73E9800591352 /* signin-with@3x.png in Resources */,
				BA4645151FD73E9800591352 /* back-top@2x.png in Resources */,
				BA46452D1FD73E9800591352 /* SIGN IN WITH ANY OF.png in Resources */,
				BA4643841FD736FD00591352 /* AuthViewController.xib in Resources */,
				BA4645181FD73E9800591352 /* bojan-face@2x.png in Resources */,
				BA4A8F8C1FCDC71D0012415C /* GoogleService-Info.plist in Resources */,
				BA4645321FD73E9800591352 /* sign-in@3x.png in Resources */,
				BA46453E1FD73E9800591352 /* sing-in-button-up@3x.png in Resources */,
				BA46453D1FD73E9800591352 /* sing-in-button-up@2x.png in Resources */,
				BA4645361FD73E9800591352 /* signin-with.png in Resources */,
				BA4645231FD73E9800591352 /* FredokaOne-Regular.ttf in Resources */,
			);
			runOnlyForDeploymentPostprocessing = 0;
		};
/* End PBXResourcesBuildPhase section */

/* Begin PBXShellScriptBuildPhase section */
		74D0A11B96F61D9F403BFBA2 /* [CP] Copy Pods Resources */ = {
			isa = PBXShellScriptBuildPhase;
			buildActionMask = 2147483647;
			files = (
			);
			inputPaths = (
				"${SRCROOT}/Pods/Target Support Files/Pods-The Real Bojan/Pods-The Real Bojan-resources.sh",
				$PODS_CONFIGURATION_BUILD_DIR/FirebaseUI/FirebaseAuthUI.bundle,
				$PODS_CONFIGURATION_BUILD_DIR/FirebaseUI/FirebaseFacebookAuthUI.bundle,
				$PODS_CONFIGURATION_BUILD_DIR/FirebaseUI/FirebaseGoogleAuthUI.bundle,
				$PODS_CONFIGURATION_BUILD_DIR/FirebaseUI/FirebasePhoneAuthUI.bundle,
				$PODS_CONFIGURATION_BUILD_DIR/FirebaseUI/FirebaseTwitterAuthUI.bundle,
				"${PODS_ROOT}/GoogleSignIn/Resources/GoogleSignIn.bundle",
				$PODS_CONFIGURATION_BUILD_DIR/HockeySDK/HockeySDKResources.bundle,
				"${PODS_ROOT}/TwitterKit/iOS/TwitterKit.framework/TwitterKitResources.bundle",
				"${PODS_ROOT}/TwitterKit/iOS/TwitterKit.framework/TwitterShareExtensionUIResources.bundle",
			);
			name = "[CP] Copy Pods Resources";
			outputPaths = (
				"${TARGET_BUILD_DIR}/${UNLOCALIZED_RESOURCES_FOLDER_PATH}",
			);
			runOnlyForDeploymentPostprocessing = 0;
			shellPath = /bin/sh;
			shellScript = "\"${SRCROOT}/Pods/Target Support Files/Pods-The Real Bojan/Pods-The Real Bojan-resources.sh\"\n";
			showEnvVarsInLog = 0;
		};
		AE1F11A69E423D448DFCABC7 /* [CP] Check Pods Manifest.lock */ = {
			isa = PBXShellScriptBuildPhase;
			buildActionMask = 2147483647;
			files = (
			);
			inputPaths = (
				"${PODS_PODFILE_DIR_PATH}/Podfile.lock",
				"${PODS_ROOT}/Manifest.lock",
			);
			name = "[CP] Check Pods Manifest.lock";
			outputPaths = (
				"$(DERIVED_FILE_DIR)/Pods-The Real Bojan-checkManifestLockResult.txt",
			);
			runOnlyForDeploymentPostprocessing = 0;
			shellPath = /bin/sh;
			shellScript = "diff \"${PODS_PODFILE_DIR_PATH}/Podfile.lock\" \"${PODS_ROOT}/Manifest.lock\" > /dev/null\nif [ $? != 0 ] ; then\n    # print error to STDERR\n    echo \"error: The sandbox is not in sync with the Podfile.lock. Run 'pod install' or update your CocoaPods installation.\" >&2\n    exit 1\nfi\n# This output is used by Xcode 'outputs' to avoid re-running this script phase.\necho \"SUCCESS\" > \"${SCRIPT_OUTPUT_FILE_0}\"\n";
			showEnvVarsInLog = 0;
		};
		BA4A91921FD5E7380012415C /* ShellScript */ = {
			isa = PBXShellScriptBuildPhase;
			buildActionMask = 2147483647;
			files = (
			);
			inputPaths = (
			);
			outputPaths = (
			);
			runOnlyForDeploymentPostprocessing = 0;
			shellPath = /bin/sh;
			shellScript = "FILE=\"${SRCROOT}/HockeySDK-iOS/BuildAgent\"\nif [ -f \"$FILE\" ]; then\n\"$FILE\"\nfi";
		};
		DF6C7A0587EF70958C97F2CC /* [CP] Embed Pods Frameworks */ = {
			isa = PBXShellScriptBuildPhase;
			buildActionMask = 2147483647;
			files = (
			);
			inputPaths = (
				"${SRCROOT}/Pods/Target Support Files/Pods-The Real Bojan/Pods-The Real Bojan-frameworks.sh",
				"${BUILT_PRODUCTS_DIR}/Bolts/Bolts.framework",
				"${BUILT_PRODUCTS_DIR}/BoringSSL/openssl.framework",
				"${BUILT_PRODUCTS_DIR}/FBSDKCoreKit/FBSDKCoreKit.framework",
				"${BUILT_PRODUCTS_DIR}/FBSDKLoginKit/FBSDKLoginKit.framework",
				"${BUILT_PRODUCTS_DIR}/FBSDKShareKit/FBSDKShareKit.framework",
				"${BUILT_PRODUCTS_DIR}/GTMOAuth2/GTMOAuth2.framework",
				"${BUILT_PRODUCTS_DIR}/GTMSessionFetcher/GTMSessionFetcher.framework",
				"${BUILT_PRODUCTS_DIR}/Game-Timer-iOS/Game_Timer_iOS.framework",
				"${BUILT_PRODUCTS_DIR}/GoogleToolboxForMac/GoogleToolboxForMac.framework",
				"${BUILT_PRODUCTS_DIR}/Protobuf/Protobuf.framework",
				"${BUILT_PRODUCTS_DIR}/SAMSoundEffect/SAMSoundEffect.framework",
				"${BUILT_PRODUCTS_DIR}/SDWebImage/SDWebImage.framework",
				"${BUILT_PRODUCTS_DIR}/SoundManager/SoundManager.framework",
				"${BUILT_PRODUCTS_DIR}/ZLSwipeableView/ZLSwipeableView.framework",
				"${BUILT_PRODUCTS_DIR}/gRPC/GRPCClient.framework",
				"${BUILT_PRODUCTS_DIR}/gRPC-Core/grpc.framework",
				"${BUILT_PRODUCTS_DIR}/gRPC-ProtoRPC/ProtoRPC.framework",
				"${BUILT_PRODUCTS_DIR}/gRPC-RxLibrary/RxLibrary.framework",
				"${BUILT_PRODUCTS_DIR}/leveldb-library/leveldb.framework",
				"${BUILT_PRODUCTS_DIR}/nanopb/nanopb.framework",
				"${BUILT_PRODUCTS_DIR}/pop/pop.framework",
			);
			name = "[CP] Embed Pods Frameworks";
			outputPaths = (
				"${TARGET_BUILD_DIR}/${FRAMEWORKS_FOLDER_PATH}/Bolts.framework",
				"${TARGET_BUILD_DIR}/${FRAMEWORKS_FOLDER_PATH}/openssl.framework",
				"${TARGET_BUILD_DIR}/${FRAMEWORKS_FOLDER_PATH}/FBSDKCoreKit.framework",
				"${TARGET_BUILD_DIR}/${FRAMEWORKS_FOLDER_PATH}/FBSDKLoginKit.framework",
				"${TARGET_BUILD_DIR}/${FRAMEWORKS_FOLDER_PATH}/FBSDKShareKit.framework",
				"${TARGET_BUILD_DIR}/${FRAMEWORKS_FOLDER_PATH}/GTMOAuth2.framework",
				"${TARGET_BUILD_DIR}/${FRAMEWORKS_FOLDER_PATH}/GTMSessionFetcher.framework",
				"${TARGET_BUILD_DIR}/${FRAMEWORKS_FOLDER_PATH}/Game_Timer_iOS.framework",
				"${TARGET_BUILD_DIR}/${FRAMEWORKS_FOLDER_PATH}/GoogleToolboxForMac.framework",
				"${TARGET_BUILD_DIR}/${FRAMEWORKS_FOLDER_PATH}/Protobuf.framework",
				"${TARGET_BUILD_DIR}/${FRAMEWORKS_FOLDER_PATH}/SAMSoundEffect.framework",
				"${TARGET_BUILD_DIR}/${FRAMEWORKS_FOLDER_PATH}/SDWebImage.framework",
				"${TARGET_BUILD_DIR}/${FRAMEWORKS_FOLDER_PATH}/SoundManager.framework",
				"${TARGET_BUILD_DIR}/${FRAMEWORKS_FOLDER_PATH}/ZLSwipeableView.framework",
				"${TARGET_BUILD_DIR}/${FRAMEWORKS_FOLDER_PATH}/GRPCClient.framework",
				"${TARGET_BUILD_DIR}/${FRAMEWORKS_FOLDER_PATH}/grpc.framework",
				"${TARGET_BUILD_DIR}/${FRAMEWORKS_FOLDER_PATH}/ProtoRPC.framework",
				"${TARGET_BUILD_DIR}/${FRAMEWORKS_FOLDER_PATH}/RxLibrary.framework",
				"${TARGET_BUILD_DIR}/${FRAMEWORKS_FOLDER_PATH}/leveldb.framework",
				"${TARGET_BUILD_DIR}/${FRAMEWORKS_FOLDER_PATH}/nanopb.framework",
				"${TARGET_BUILD_DIR}/${FRAMEWORKS_FOLDER_PATH}/pop.framework",
			);
			runOnlyForDeploymentPostprocessing = 0;
			shellPath = /bin/sh;
			shellScript = "\"${SRCROOT}/Pods/Target Support Files/Pods-The Real Bojan/Pods-The Real Bojan-frameworks.sh\"\n";
			showEnvVarsInLog = 0;
		};
/* End PBXShellScriptBuildPhase section */

/* Begin PBXSourcesBuildPhase section */
		BA4A8F591FCDC47D0012415C /* Sources */ = {
			isa = PBXSourcesBuildPhase;
			buildActionMask = 2147483647;
			files = (
				BA4A8FD11FCE376B0012415C /* RealBojanViewController.m in Sources */,
				BA4A8F871FCDC58F0012415C /* AppUtils.m in Sources */,
				BA4A91961FD708930012415C /* CardView.m in Sources */,
				BA4A917E1FD1D2580012415C /* ResultsViewController.m in Sources */,
				BA4643831FD736FD00591352 /* AuthViewController.m in Sources */,
				BA4A8F881FCDC58F0012415C /* AppViewController.m in Sources */,
				BA4A8F701FCDC47D0012415C /* main.m in Sources */,
				BA4A91711FCF4CE60012415C /* Bojan.m in Sources */,
				BA4A8F621FCDC47D0012415C /* AppDelegate.m in Sources */,
			);
			runOnlyForDeploymentPostprocessing = 0;
		};
/* End PBXSourcesBuildPhase section */

/* Begin PBXVariantGroup section */
		BA4A8F661FCDC47D0012415C /* Main.storyboard */ = {
			isa = PBXVariantGroup;
			children = (
				BA4A8F671FCDC47D0012415C /* Base */,
			);
			name = Main.storyboard;
			sourceTree = "<group>";
		};
		BA4A8F6B1FCDC47D0012415C /* LaunchScreen.storyboard */ = {
			isa = PBXVariantGroup;
			children = (
				BA4A8F6C1FCDC47D0012415C /* Base */,
			);
			name = LaunchScreen.storyboard;
			sourceTree = "<group>";
		};
/* End PBXVariantGroup section */

/* Begin XCBuildConfiguration section */
		BA4A8F711FCDC47D0012415C /* Debug */ = {
			isa = XCBuildConfiguration;
			buildSettings = {
				ALWAYS_SEARCH_USER_PATHS = NO;
				CLANG_ANALYZER_NONNULL = YES;
				CLANG_ANALYZER_NUMBER_OBJECT_CONVERSION = YES_AGGRESSIVE;
				CLANG_CXX_LANGUAGE_STANDARD = "gnu++14";
				CLANG_CXX_LIBRARY = "libc++";
				CLANG_ENABLE_MODULES = YES;
				CLANG_ENABLE_OBJC_ARC = YES;
				CLANG_WARN_BLOCK_CAPTURE_AUTORELEASING = YES;
				CLANG_WARN_BOOL_CONVERSION = YES;
				CLANG_WARN_COMMA = YES;
				CLANG_WARN_CONSTANT_CONVERSION = YES;
				CLANG_WARN_DIRECT_OBJC_ISA_USAGE = YES_ERROR;
				CLANG_WARN_DOCUMENTATION_COMMENTS = YES;
				CLANG_WARN_EMPTY_BODY = YES;
				CLANG_WARN_ENUM_CONVERSION = YES;
				CLANG_WARN_INFINITE_RECURSION = YES;
				CLANG_WARN_INT_CONVERSION = YES;
				CLANG_WARN_NON_LITERAL_NULL_CONVERSION = YES;
				CLANG_WARN_OBJC_LITERAL_CONVERSION = YES;
				CLANG_WARN_OBJC_ROOT_CLASS = YES_ERROR;
				CLANG_WARN_RANGE_LOOP_ANALYSIS = YES;
				CLANG_WARN_STRICT_PROTOTYPES = YES;
				CLANG_WARN_SUSPICIOUS_MOVE = YES;
				CLANG_WARN_UNGUARDED_AVAILABILITY = YES_AGGRESSIVE;
				CLANG_WARN_UNREACHABLE_CODE = YES;
				CLANG_WARN__DUPLICATE_METHOD_MATCH = YES;
				CODE_SIGN_IDENTITY = "iPhone Distribution";
				COPY_PHASE_STRIP = NO;
				DEBUG_INFORMATION_FORMAT = dwarf;
				DEVELOPMENT_TEAM = 54HZN6M8HM;
				ENABLE_STRICT_OBJC_MSGSEND = YES;
				ENABLE_TESTABILITY = YES;
				GCC_C_LANGUAGE_STANDARD = gnu11;
				GCC_DYNAMIC_NO_PIC = NO;
				GCC_NO_COMMON_BLOCKS = YES;
				GCC_OPTIMIZATION_LEVEL = 0;
				GCC_PREPROCESSOR_DEFINITIONS = (
					"DEBUG=1",
					"$(inherited)",
				);
				GCC_WARN_64_TO_32_BIT_CONVERSION = YES;
				GCC_WARN_ABOUT_RETURN_TYPE = YES_ERROR;
				GCC_WARN_INHIBIT_ALL_WARNINGS = YES;
				GCC_WARN_UNDECLARED_SELECTOR = YES;
				GCC_WARN_UNINITIALIZED_AUTOS = YES_AGGRESSIVE;
				GCC_WARN_UNUSED_FUNCTION = YES;
				GCC_WARN_UNUSED_VARIABLE = YES;
				IPHONEOS_DEPLOYMENT_TARGET = 10.0;
				MTL_ENABLE_DEBUG_INFO = YES;
				ONLY_ACTIVE_ARCH = YES;
				SDKROOT = iphoneos;
			};
			name = Debug;
		};
		BA4A8F721FCDC47D0012415C /* Release */ = {
			isa = XCBuildConfiguration;
			buildSettings = {
				ALWAYS_SEARCH_USER_PATHS = NO;
				CLANG_ANALYZER_NONNULL = YES;
				CLANG_ANALYZER_NUMBER_OBJECT_CONVERSION = YES_AGGRESSIVE;
				CLANG_CXX_LANGUAGE_STANDARD = "gnu++14";
				CLANG_CXX_LIBRARY = "libc++";
				CLANG_ENABLE_MODULES = YES;
				CLANG_ENABLE_OBJC_ARC = YES;
				CLANG_WARN_BLOCK_CAPTURE_AUTORELEASING = YES;
				CLANG_WARN_BOOL_CONVERSION = YES;
				CLANG_WARN_COMMA = YES;
				CLANG_WARN_CONSTANT_CONVERSION = YES;
				CLANG_WARN_DIRECT_OBJC_ISA_USAGE = YES_ERROR;
				CLANG_WARN_DOCUMENTATION_COMMENTS = YES;
				CLANG_WARN_EMPTY_BODY = YES;
				CLANG_WARN_ENUM_CONVERSION = YES;
				CLANG_WARN_INFINITE_RECURSION = YES;
				CLANG_WARN_INT_CONVERSION = YES;
				CLANG_WARN_NON_LITERAL_NULL_CONVERSION = YES;
				CLANG_WARN_OBJC_LITERAL_CONVERSION = YES;
				CLANG_WARN_OBJC_ROOT_CLASS = YES_ERROR;
				CLANG_WARN_RANGE_LOOP_ANALYSIS = YES;
				CLANG_WARN_STRICT_PROTOTYPES = YES;
				CLANG_WARN_SUSPICIOUS_MOVE = YES;
				CLANG_WARN_UNGUARDED_AVAILABILITY = YES_AGGRESSIVE;
				CLANG_WARN_UNREACHABLE_CODE = YES;
				CLANG_WARN__DUPLICATE_METHOD_MATCH = YES;
				CODE_SIGN_IDENTITY = "iPhone Distribution";
				COPY_PHASE_STRIP = NO;
				DEBUG_INFORMATION_FORMAT = "dwarf-with-dsym";
				DEVELOPMENT_TEAM = 54HZN6M8HM;
				ENABLE_NS_ASSERTIONS = NO;
				ENABLE_STRICT_OBJC_MSGSEND = YES;
				GCC_C_LANGUAGE_STANDARD = gnu11;
				GCC_NO_COMMON_BLOCKS = YES;
				GCC_WARN_64_TO_32_BIT_CONVERSION = YES;
				GCC_WARN_ABOUT_RETURN_TYPE = YES_ERROR;
				GCC_WARN_INHIBIT_ALL_WARNINGS = YES;
				GCC_WARN_UNDECLARED_SELECTOR = YES;
				GCC_WARN_UNINITIALIZED_AUTOS = YES_AGGRESSIVE;
				GCC_WARN_UNUSED_FUNCTION = YES;
				GCC_WARN_UNUSED_VARIABLE = YES;
				IPHONEOS_DEPLOYMENT_TARGET = 10.0;
				MTL_ENABLE_DEBUG_INFO = NO;
				SDKROOT = iphoneos;
				VALIDATE_PRODUCT = YES;
			};
			name = Release;
		};
		BA4A8F741FCDC47D0012415C /* Debug */ = {
			isa = XCBuildConfiguration;
			baseConfigurationReference = 1C9699454F7B6A17D5CA3F49 /* Pods-The Real Bojan.debug.xcconfig */;
			buildSettings = {
				ASSETCATALOG_COMPILER_APPICON_NAME = AppIcon;
				CODE_SIGN_ENTITLEMENTS = "The Real Bojan/The Real Bojan.entitlements";
				CODE_SIGN_IDENTITY = "iPhone Distribution";
				"CODE_SIGN_IDENTITY[sdk=iphoneos*]" = "iPhone Developer";
				CODE_SIGN_STYLE = Automatic;
				DEVELOPMENT_TEAM = 54HZN6M8HM;
				INFOPLIST_FILE = "The Real Bojan/Info.plist";
				LD_RUNPATH_SEARCH_PATHS = "$(inherited) @executable_path/Frameworks";
				PRODUCT_BUNDLE_IDENTIFIER = "com.vanderlin.the-real-bojan";
				PRODUCT_NAME = "$(TARGET_NAME)";
				PROVISIONING_PROFILE_SPECIFIER = "";
				TARGETED_DEVICE_FAMILY = 1;
			};
			name = Debug;
		};
		BA4A8F751FCDC47D0012415C /* Release */ = {
			isa = XCBuildConfiguration;
			baseConfigurationReference = B85E0D19975A8EFFB17E8B56 /* Pods-The Real Bojan.release.xcconfig */;
			buildSettings = {
				ASSETCATALOG_COMPILER_APPICON_NAME = AppIcon;
				CODE_SIGN_ENTITLEMENTS = "The Real Bojan/The Real Bojan.entitlements";
				CODE_SIGN_IDENTITY = "iPhone Distribution";
				"CODE_SIGN_IDENTITY[sdk=iphoneos*]" = "iPhone Developer";
				CODE_SIGN_STYLE = Automatic;
				DEVELOPMENT_TEAM = 54HZN6M8HM;
				INFOPLIST_FILE = "The Real Bojan/Info.plist";
				LD_RUNPATH_SEARCH_PATHS = "$(inherited) @executable_path/Frameworks";
				PRODUCT_BUNDLE_IDENTIFIER = "com.vanderlin.the-real-bojan";
				PRODUCT_NAME = "$(TARGET_NAME)";
				PROVISIONING_PROFILE_SPECIFIER = "";
				TARGETED_DEVICE_FAMILY = 1;
			};
			name = Release;
		};
/* End XCBuildConfiguration section */

/* Begin XCConfigurationList section */
		BA4A8F581FCDC47D0012415C /* Build configuration list for PBXProject "The Real Bojan" */ = {
			isa = XCConfigurationList;
			buildConfigurations = (
				BA4A8F711FCDC47D0012415C /* Debug */,
				BA4A8F721FCDC47D0012415C /* Release */,
			);
			defaultConfigurationIsVisible = 0;
			defaultConfigurationName = Release;
		};
		BA4A8F731FCDC47D0012415C /* Build configuration list for PBXNativeTarget "The Real Bojan" */ = {
			isa = XCConfigurationList;
			buildConfigurations = (
				BA4A8F741FCDC47D0012415C /* Debug */,
				BA4A8F751FCDC47D0012415C /* Release */,
			);
			defaultConfigurationIsVisible = 0;
			defaultConfigurationName = Release;
		};
/* End XCConfigurationList section */
	};
	rootObject = BA4A8F551FCDC47D0012415C /* Project object */;
}
